
Microsoft Visual Studio Solution File, Format Version 12.00
# Visual Studio Version 17
VisualStudioVersion = 17.0.32014.148
MinimumVisualStudioVersion = 10.0.40219.1
Project("{2150E333-8FDC-42A3-9474-1A3956D46DE8}") = "src", "src", "{D2849813-82E3-4DA7-9F6F-BB790843E0EA}"
EndProject
Project("{2150E333-8FDC-42A3-9474-1A3956D46DE8}") = "1-Api", "1-Api", "{74843E36-BDB1-4E74-B85E-6AC7E2C4A214}"
EndProject
Project("{2150E333-8FDC-42A3-9474-1A3956D46DE8}") = "2-application", "2-application", "{D9731466-E04D-4BED-AEE6-9DEC8CBCFB42}"
EndProject
Project("{2150E333-8FDC-42A3-9474-1A3956D46DE8}") = "3-Domain", "3-Domain", "{9505E956-107C-4CAB-955D-854F466E2907}"
EndProject
Project("{2150E333-8FDC-42A3-9474-1A3956D46DE8}") = "4-Infrastructure", "4-Infrastructure", "{226B31F5-0521-4A05-89B0-AF220A8E930C}"
EndProject
Project("{2150E333-8FDC-42A3-9474-1A3956D46DE8}") = "5-Crosscutting", "5-Crosscutting", "{3F0D99C7-9753-4B30-BA35-DE90A709F9F6}"
EndProject
Project("{2150E333-8FDC-42A3-9474-1A3956D46DE8}") = "6-Log", "6-Log", "{AC1DD1FE-F321-418D-AB61-DBC40AE58B5C}"
EndProject
Project("{9A19103F-16F7-4668-BE54-9A1E7A4F7556}") = "EP.Srv.Cliente.Api", "src\EP.Srv.Cliente.Api\EP.Srv.Cliente.Api.csproj", "{5D29E333-8870-487C-BB2E-D129C447429E}"
EndProject
Project("{9A19103F-16F7-4668-BE54-9A1E7A4F7556}") = "EP.Srv.Cliente.Application", "src\EP.Srv.Cliente.Application\EP.Srv.Cliente.Application.csproj", "{3550084B-623B-4E49-A085-B3F5D01C5370}"
EndProject
Project("{9A19103F-16F7-4668-BE54-9A1E7A4F7556}") = "EP.Srv.Cliente.Domain", "src\EP.Srv.Cliente.Domain\EP.Srv.Cliente.Domain.csproj", "{552D3ACD-433B-4E6E-BC05-1A2209172CD5}"
EndProject
Project("{9A19103F-16F7-4668-BE54-9A1E7A4F7556}") = "EP.Srv.Cliente.Infrastructure", "src\EP.Srv.Cliente.Infrastructure\EP.Srv.Cliente.Infrastructure.csproj", "{CE65C173-AABE-44B5-81D4-0EF02C2D61EA}"
EndProject
Project("{9A19103F-16F7-4668-BE54-9A1E7A4F7556}") = "EP.Srv.Cliente.CrossCutting", "src\EP.Srv.Cliente.CrossCutting\EP.Srv.Cliente.CrossCutting.csproj", "{F901864E-A015-44D6-8925-A9F17AD8868B}"
EndProject
Project("{9A19103F-16F7-4668-BE54-9A1E7A4F7556}") = "EP.Srv.Cliente.LogUtility", "src\EP.Srv.Cliente.LogUtility\EP.Srv.Cliente.LogUtility.csproj", "{2D8BC990-FEDD-437E-AEDB-ABBDED7688B4}"
EndProject
Global
	GlobalSection(SolutionConfigurationPlatforms) = preSolution
		Debug|Any CPU = Debug|Any CPU
		Release|Any CPU = Release|Any CPU
	EndGlobalSection
	GlobalSection(ProjectConfigurationPlatforms) = postSolution
		{5D29E333-8870-487C-BB2E-D129C447429E}.Debug|Any CPU.ActiveCfg = Debug|Any CPU
		{5D29E333-8870-487C-BB2E-D129C447429E}.Debug|Any CPU.Build.0 = Debug|Any CPU
		{5D29E333-8870-487C-BB2E-D129C447429E}.Release|Any CPU.ActiveCfg = Release|Any CPU
		{5D29E333-8870-487C-BB2E-D129C447429E}.Release|Any CPU.Build.0 = Release|Any CPU
		{3550084B-623B-4E49-A085-B3F5D01C5370}.Debug|Any CPU.ActiveCfg = Debug|Any CPU
		{3550084B-623B-4E49-A085-B3F5D01C5370}.Debug|Any CPU.Build.0 = Debug|Any CPU
		{3550084B-623B-4E49-A085-B3F5D01C5370}.Release|Any CPU.ActiveCfg = Release|Any CPU
		{3550084B-623B-4E49-A085-B3F5D01C5370}.Release|Any CPU.Build.0 = Release|Any CPU
		{552D3ACD-433B-4E6E-BC05-1A2209172CD5}.Debug|Any CPU.ActiveCfg = Debug|Any CPU
		{552D3ACD-433B-4E6E-BC05-1A2209172CD5}.Debug|Any CPU.Build.0 = Debug|Any CPU
		{552D3ACD-433B-4E6E-BC05-1A2209172CD5}.Release|Any CPU.ActiveCfg = Release|Any CPU
		{552D3ACD-433B-4E6E-BC05-1A2209172CD5}.Release|Any CPU.Build.0 = Release|Any CPU
		{CE65C173-AABE-44B5-81D4-0EF02C2D61EA}.Debug|Any CPU.ActiveCfg = Debug|Any CPU
		{CE65C173-AABE-44B5-81D4-0EF02C2D61EA}.Debug|Any CPU.Build.0 = Debug|Any CPU
		{CE65C173-AABE-44B5-81D4-0EF02C2D61EA}.Release|Any CPU.ActiveCfg = Release|Any CPU
		{CE65C173-AABE-44B5-81D4-0EF02C2D61EA}.Release|Any CPU.Build.0 = Release|Any CPU
		{F901864E-A015-44D6-8925-A9F17AD8868B}.Debug|Any CPU.ActiveCfg = Debug|Any CPU
		{F901864E-A015-44D6-8925-A9F17AD8868B}.Debug|Any CPU.Build.0 = Debug|Any CPU
		{F901864E-A015-44D6-8925-A9F17AD8868B}.Release|Any CPU.ActiveCfg = Release|Any CPU
		{F901864E-A015-44D6-8925-A9F17AD8868B}.Release|Any CPU.Build.0 = Release|Any CPU
		{2D8BC990-FEDD-437E-AEDB-ABBDED7688B4}.Debug|Any CPU.ActiveCfg = Debug|Any CPU
		{2D8BC990-FEDD-437E-AEDB-ABBDED7688B4}.Debug|Any CPU.Build.0 = Debug|Any CPU
		{2D8BC990-FEDD-437E-AEDB-ABBDED7688B4}.Release|Any CPU.ActiveCfg = Release|Any CPU
		{2D8BC990-FEDD-437E-AEDB-ABBDED7688B4}.Release|Any CPU.Build.0 = Release|Any CPU
	EndGlobalSection
	GlobalSection(SolutionProperties) = preSolution
		HideSolutionNode = FALSE
	EndGlobalSection
	GlobalSection(NestedProjects) = preSolution
		{74843E36-BDB1-4E74-B85E-6AC7E2C4A214} = {D2849813-82E3-4DA7-9F6F-BB790843E0EA}
		{D9731466-E04D-4BED-AEE6-9DEC8CBCFB42} = {D2849813-82E3-4DA7-9F6F-BB790843E0EA}
		{9505E956-107C-4CAB-955D-854F466E2907} = {D2849813-82E3-4DA7-9F6F-BB790843E0EA}
		{226B31F5-0521-4A05-89B0-AF220A8E930C} = {D2849813-82E3-4DA7-9F6F-BB790843E0EA}
		{3F0D99C7-9753-4B30-BA35-DE90A709F9F6} = {D2849813-82E3-4DA7-9F6F-BB790843E0EA}
		{AC1DD1FE-F321-418D-AB61-DBC40AE58B5C} = {D2849813-82E3-4DA7-9F6F-BB790843E0EA}
		{5D29E333-8870-487C-BB2E-D129C447429E} = {74843E36-BDB1-4E74-B85E-6AC7E2C4A214}
		{3550084B-623B-4E49-A085-B3F5D01C5370} = {D9731466-E04D-4BED-AEE6-9DEC8CBCFB42}
		{552D3ACD-433B-4E6E-BC05-1A2209172CD5} = {9505E956-107C-4CAB-955D-854F466E2907}
		{CE65C173-AABE-44B5-81D4-0EF02C2D61EA} = {226B31F5-0521-4A05-89B0-AF220A8E930C}
		{F901864E-A015-44D6-8925-A9F17AD8868B} = {3F0D99C7-9753-4B30-BA35-DE90A709F9F6}
		{2D8BC990-FEDD-437E-AEDB-ABBDED7688B4} = {AC1DD1FE-F321-418D-AB61-DBC40AE58B5C}
	EndGlobalSection
	GlobalSection(ExtensibilityGlobals) = postSolution
		SolutionGuid = {2DD8F0AC-3035-43A1-835B-93168A9FBF51}
	EndGlobalSection
EndGlobal
